<?xml version="1.0" encoding="utf-8"?>
<Project ToolsVersion="4.0" xmlns="http://schemas.microsoft.com/developer/msbuild/2003">
  <ItemGroup>
    <Filter Include="Source Files">
      <UniqueIdentifier>{4FC737F1-C7A5-4376-A066-2A32D752A2FF}</UniqueIdentifier>
      <Extensions>cpp;c;cc;cxx;def;odl;idl;hpj;bat;asm;asmx</Extensions>
    </Filter>
    <Filter Include="Header Files">
      <UniqueIdentifier>{93995380-89BD-4b04-88EB-625FBE52EBFB}</UniqueIdentifier>
      <Extensions>h;hh;hpp;hxx;hm;inl;inc;ipp;xsd</Extensions>
    </Filter>
    <Filter Include="Resource Files">
      <UniqueIdentifier>{67DA6AB6-F800-4c08-8B7A-83BB121AAD01}</UniqueIdentifier>
      <Extensions>rc;ico;cur;bmp;dlg;rc2;rct;bin;rgs;gif;jpg;jpeg;jpe;resx;tiff;tif;png;wav;mfcribbon-ms</Extensions>
    </Filter>
    <Filter Include="Resource Files\Font">
      <UniqueIdentifier>{3bbb6b75-3e69-45e4-902c-b50a86e3c76c}</UniqueIdentifier>
    </Filter>
    <Filter Include="Resource Files\Graphics">
      <UniqueIdentifier>{6778cad6-a051-4ca9-b673-95052e9876ea}</UniqueIdentifier>
    </Filter>
    <Filter Include="Resource Files\Sounds">
      <UniqueIdentifier>{86d56f76-4d7c-4116-a4d6-2ecdfecffb88}</UniqueIdentifier>
    </Filter>
  </ItemGroup>
  <ItemGroup>
    <ClCompile Include="src\Main.cpp">
      <Filter>Source Files</Filter>
    </ClCompile>
    <ClCompile Include="src\Game.cpp">
      <Filter>Source Files</Filter>
    </ClCompile>
    <ClCompile Include="src\Player.cpp">
      <Filter>Source Files</Filter>
    </ClCompile>
    <ClCompile Include="src\Asteroid.cpp">
      <Filter>Source Files</Filter>
    </ClCompile>
    <ClCompile Include="src\HPIndicator.cpp">
      <Filter>Source Files</Filter>
    </ClCompile>
    <ClCompile Include="src\Menu.cpp">
      <Filter>Source Files</Filter>
    </ClCompile>
  </ItemGroup>
  <ItemGroup>
    <ClInclude Include="src\Game.hpp">
      <Filter>Header Files</Filter>
    </ClInclude>
    <ClInclude Include="src\Player.hpp">
      <Filter>Header Files</Filter>
    </ClInclude>
    <ClInclude Include="src\Asteroid.hpp">
      <Filter>Header Files</Filter>
    </ClInclude>
    <ClInclude Include="src\HPIndicator.hpp">
      <Filter>Header Files</Filter>
    </ClInclude>
    <ClInclude Include="src\Menu.hpp">
      <Filter>Header Files</Filter>
    </ClInclude>
  </ItemGroup>
  <ItemGroup>
    <Image Include="assets\Splashscreen.png">
      <Filter>Resource Files\Graphics</Filter>
    </Image>
    <Image Include="assets\Asteroids.png">
      <Filter>Resource Files\Graphics</Filter>
    </Image>
    <Image Include="assets\Explosion.png">
      <Filter>Resource Files\Graphics</Filter>
    </Image>
    <Image Include="assets\Heart.png">
      <Filter>Resource Files\Graphics</Filter>
    </Image>
    <Image Include="assets\Logo.png">
      <Filter>Resource Files\Graphics</Filter>
    </Image>
    <Image Include="assets\Spaceship.png">
      <Filter>Resource Files\Graphics</Filter>
    </Image>
  </ItemGroup>
  <ItemGroup>
    <None Include="assets\Splashscreen.aseprite">
      <Filter>Resource Files\Graphics</Filter>
    </None>
    <None Include="assets\Asteroids.aseprite">
      <Filter>Resource Files\Graphics</Filter>
    </None>
    <None Include="assets\Explosion.aseprite">
      <Filter>Resource Files\Graphics</Filter>
    </None>
    <None Include="assets\Heart.aseprite">
      <Filter>Resource Files\Graphics</Filter>
    </None>
    <None Include="assets\Spaceship.aseprite">
      <Filter>Resource Files\Graphics</Filter>
    </None>
    <None Include="assets\Explosion.sfs">
      <Filter>Resource Files\Sounds</Filter>
    </None>
    <None Include="assets\Logo.aseprite">
      <Filter>Resource Files\Graphics</Filter>
    </None>
  </ItemGroup>
  <ItemGroup>
    <Font Include="assets\font\LCD_Solid.ttf">
      <Filter>Resource Files\Font</Filter>
    </Font>
  </ItemGroup>
  <ItemGroup>
    <Media Include="assets\Explosion.wav">
      <Filter>Resource Files\Sounds</Filter>
    </Media>
  </ItemGroup>
</Project>